{
  "nodes": {
    "conflake": {
      "inputs": {
        "nixpkgs": [
          "nix-treesitter",
          "nixpkgs"
        ]
      },
      "locked": {
        "lastModified": 1739025932,
        "narHash": "sha256-8BbSpXfJfy3R7XYX43dQeYZJ7K+IDCfGZb1KgRHN0Pg=",
        "owner": "ratson",
        "repo": "conflake",
        "rev": "69b5b014b79ecd457aa698e383602b07d52683c4",
        "type": "github"
      },
      "original": {
        "owner": "ratson",
        "repo": "conflake",
        "type": "github"
      }
    },
    "firefox-addons": {
      "inputs": {
        "nixpkgs": [
          "nixpkgs"
        ]
      },
      "locked": {
        "dir": "pkgs/firefox-addons",
        "lastModified": 1764302674,
        "narHash": "sha256-8/zVGvLL4+cb+5A3XWiZep8JdjbQhh50gyghAs61hP8=",
        "owner": "rycee",
        "repo": "nur-expressions",
        "rev": "de69b47670b359630d2be0ad4dbcab05554d8fb7",
        "type": "gitlab"
      },
      "original": {
        "dir": "pkgs/firefox-addons",
        "owner": "rycee",
        "repo": "nur-expressions",
        "rev": "de69b47670b359630d2be0ad4dbcab05554d8fb7",
        "type": "gitlab"
      }
    },
    "flake-utils": {
      "inputs": {
        "systems": "systems"
      },
      "locked": {
        "lastModified": 1731533236,
        "narHash": "sha256-l0KFg5HjrsfsO/JpG+r7fRrqm12kzFHyUHqHCVpMMbI=",
        "owner": "numtide",
        "repo": "flake-utils",
        "rev": "11707dc2f618dd54ca8739b309ec4fc024de578b",
        "type": "github"
      },
      "original": {
        "owner": "numtide",
        "repo": "flake-utils",
        "rev": "11707dc2f618dd54ca8739b309ec4fc024de578b",
        "type": "github"
      }
    },
    "flake-utils_2": {
      "inputs": {
        "systems": "systems_2"
      },
      "locked": {
        "lastModified": 1731533236,
        "narHash": "sha256-l0KFg5HjrsfsO/JpG+r7fRrqm12kzFHyUHqHCVpMMbI=",
        "owner": "numtide",
        "repo": "flake-utils",
        "rev": "11707dc2f618dd54ca8739b309ec4fc024de578b",
        "type": "github"
      },
      "original": {
        "owner": "numtide",
        "repo": "flake-utils",
        "type": "github"
      }
    },
    "home-manager": {
      "inputs": {
        "nixpkgs": [
          "nixpkgs"
        ]
      },
      "locked": {
        "lastModified": 1764304195,
        "narHash": "sha256-bO7FN/bF6gG7TlZpKAZjO3VvfsLaPFkefeUfJJ7F/7w=",
        "owner": "nix-community",
        "repo": "home-manager",
        "rev": "86ff0ef506c209bb397849706e85cc3a913cb577",
        "type": "github"
      },
      "original": {
        "owner": "nix-community",
        "repo": "home-manager",
        "rev": "86ff0ef506c209bb397849706e85cc3a913cb577",
        "type": "github"
      }
    },
    "neovim-flake": {
      "inputs": {
        "flake-utils": "flake-utils",
        "nix-treesitter": [
          "nix-treesitter"
        ],
        "nixpkgs": [
          "nixpkgs"
        ]
      },
      "locked": {
        "lastModified": 1754142308,
        "narHash": "sha256-zDBPjQYZPsHSI0hI0Mt0Ky2HN6lxRPDMFXMVb/JED1E=",
        "owner": "yelircaasi",
        "repo": "neovim-flake",
        "rev": "f15c64c721838dd230125f65e4362429f871830a",
        "type": "github"
      },
      "original": {
        "owner": "yelircaasi",
        "repo": "neovim-flake",
        "rev": "f15c64c721838dd230125f65e4362429f871830a",
        "type": "github"
      }
    },
    "nix-treesitter": {
      "inputs": {
        "conflake": "conflake",
        "nixpkgs": [
          "nixpkgs"
        ]
      },
      "locked": {
        "lastModified": 1739028560,
        "narHash": "sha256-7joUNhdZfSkuGL65Lbsmuf/NviUjuGtAhbfdPYuFGjk=",
        "owner": "ratson",
        "repo": "nix-treesitter",
        "rev": "d9d35e37a5b2aee2f3f4d14c66e2bf0604dae4ce",
        "type": "github"
      },
      "original": {
        "owner": "ratson",
        "repo": "nix-treesitter",
        "rev": "d9d35e37a5b2aee2f3f4d14c66e2bf0604dae4ce",
        "type": "github"
      }
    },
    "nix-vscode-extensions": {
      "inputs": {
        "nixpkgs": [
          "nixpkgs"
        ]
      },
      "locked": {
        "lastModified": 1764294946,
        "narHash": "sha256-8BObMeUmCAZW1BTMUQGRGiz9tpNkVt/6/+blpS9Xxgk=",
        "owner": "nix-community",
        "repo": "nix-vscode-extensions",
        "rev": "134c052c3213dc69ed881e41383b8ed29c5ffe72",
        "type": "github"
      },
      "original": {
        "owner": "nix-community",
        "repo": "nix-vscode-extensions",
        "rev": "134c052c3213dc69ed881e41383b8ed29c5ffe72",
        "type": "github"
      }
    },
    "nixgl": {
      "inputs": {
        "flake-utils": "flake-utils_2",
        "nixpkgs": [
          "nixpkgs"
        ]
      },
      "locked": {
        "lastModified": 1762090880,
        "narHash": "sha256-fbRQzIGPkjZa83MowjbD2ALaJf9y6KMDdJBQMKFeY/8=",
        "owner": "nix-community",
        "repo": "nixGL",
        "rev": "b6105297e6f0cd041670c3e8628394d4ee247ed5",
        "type": "github"
      },
      "original": {
        "owner": "nix-community",
        "repo": "nixGL",
        "rev": "b6105297e6f0cd041670c3e8628394d4ee247ed5",
        "type": "github"
      }
    },
    "nixpkgs": {
      "locked": {
        "lastModified": 1764323920,
        "narHash": "sha256-SVAg+p7+EEqYwJ8Var4WEISoR3yXgocUCz6Bk9R626w=",
        "owner": "nixos",
        "repo": "nixpkgs",
        "rev": "3346f629aab6730bcf42f6e85f56042e5728de13",
        "type": "github"
      },
      "original": {
        "owner": "nixos",
        "repo": "nixpkgs",
        "rev": "3346f629aab6730bcf42f6e85f56042e5728de13",
        "type": "github"
      }
    },
    "quickshell": {
      "inputs": {
        "nixpkgs": [
          "nixpkgs"
        ]
      },
      "locked": {
        "lastModified": 1764045583,
        "narHash": "sha256-W24ReyRrhOKTKIsuAMkY5hnVlCufGoONM79sjUoyQkk=",
        "ref": "refs/heads/master",
        "rev": "e9bad67619ee9937a1bbecfc6ad3b4231d2ecdc3",
        "revCount": 709,
        "type": "git",
        "url": "https://git.outfoxxed.me/outfoxxed/quickshell"
      },
      "original": {
        "type": "git",
        "url": "https://git.outfoxxed.me/outfoxxed/quickshell"
      }
    },
    "root": {
      "inputs": {
        "firefox-addons": "firefox-addons",
        "home-manager": "home-manager",
        "neovim-flake": "neovim-flake",
        "nix-treesitter": "nix-treesitter",
        "nix-vscode-extensions": "nix-vscode-extensions",
        "nixgl": "nixgl",
        "nixpkgs": "nixpkgs",
        "quickshell": "quickshell",
        "sops-nix": "sops-nix"
      }
    },
    "sops-nix": {
      "inputs": {
        "nixpkgs": [
          "nixpkgs"
        ]
      },
      "locked": {
        "lastModified": 1764021963,
        "narHash": "sha256-1m84V2ROwNEbqeS9t37/mkry23GBhfMt8qb6aHHmjuc=",
        "owner": "Mic92",
        "repo": "sops-nix",
        "rev": "c482a1c1bbe030be6688ed7dc84f7213f304f1ec",
        "type": "github"
      },
      "original": {
        "owner": "Mic92",
        "repo": "sops-nix",
        "rev": "c482a1c1bbe030be6688ed7dc84f7213f304f1ec",
        "type": "github"
      }
    },
    "systems": {
      "locked": {
        "lastModified": 1681028828,
        "narHash": "sha256-Vy1rq5AaRuLzOxct8nz4T6wlgyUR7zLU309k9mBC768=",
        "owner": "nix-systems",
        "repo": "default",
        "rev": "da67096a3b9bf56a91d16901293e51ba5b49a27e",
        "type": "github"
      },
      "original": {
        "owner": "nix-systems",
        "repo": "default",
        "type": "github"
      }
    },
    "systems_2": {
      "locked": {
        "lastModified": 1681028828,
        "narHash": "sha256-Vy1rq5AaRuLzOxct8nz4T6wlgyUR7zLU309k9mBC768=",
        "owner": "nix-systems",
        "repo": "default",
        "rev": "da67096a3b9bf56a91d16901293e51ba5b49a27e",
        "type": "github"
      },
      "original": {
        "owner": "nix-systems",
        "repo": "default",
        "type": "github"
      }
    }
  },
  "root": "root",
  "version": 7
}
