{
  "nodes": {
    "conflake": {
      "inputs": {
        "nixpkgs": [
          "nix-treesitter",
          "nixpkgs"
        ]
      },
      "locked": {
        "lastModified": 1740807744,
        "narHash": "sha256-h1OnnM26wrKG3G6rk7GKOsKqi7woMdm+uNmDuBEwe9I=",
        "owner": "ratson",
        "repo": "conflake",
        "rev": "b4aaca82fe0b9509f30c86349d1f4707785dd40b",
        "type": "github"
      },
      "original": {
        "owner": "ratson",
        "repo": "conflake",
        "type": "github"
      }
    },
    "firefox-addons": {
      "inputs": {
        "nixpkgs": [
          "nixpkgs"
        ]
      },
      "locked": {
        "dir": "pkgs/firefox-addons",
        "lastModified": 1744813899,
        "narHash": "sha256-5J6kSkPbtuyX0tRggqadwulpqdgWHyQEDwhqVnY0T+g=",
        "owner": "rycee",
        "repo": "nur-expressions",
        "rev": "f6dff741f9f485b3596a368704ec171d9eb8c7cd",
        "type": "gitlab"
      },
      "original": {
        "dir": "pkgs/firefox-addons",
        "owner": "rycee",
        "repo": "nur-expressions",
        "rev": "f6dff741f9f485b3596a368704ec171d9eb8c7cd",
        "type": "gitlab"
      }
    },
    "flake-utils": {
      "inputs": {
        "systems": "systems"
      },
      "locked": {
        "lastModified": 1731533236,
        "narHash": "sha256-l0KFg5HjrsfsO/JpG+r7fRrqm12kzFHyUHqHCVpMMbI=",
        "owner": "numtide",
        "repo": "flake-utils",
        "rev": "11707dc2f618dd54ca8739b309ec4fc024de578b",
        "type": "github"
      },
      "original": {
        "owner": "numtide",
        "repo": "flake-utils",
        "rev": "11707dc2f618dd54ca8739b309ec4fc024de578b",
        "type": "github"
      }
    },
    "flake-utils_2": {
      "locked": {
        "lastModified": 1659877975,
        "narHash": "sha256-zllb8aq3YO3h8B/U0/J1WBgAL8EX5yWf5pMj3G0NAmc=",
        "owner": "numtide",
        "repo": "flake-utils",
        "rev": "c0e246b9b83f637f4681389ecabcb2681b4f3af0",
        "type": "github"
      },
      "original": {
        "owner": "numtide",
        "repo": "flake-utils",
        "type": "github"
      }
    },
    "home-manager": {
      "inputs": {
        "nixpkgs": [
          "nixpkgs"
        ]
      },
      "locked": {
        "lastModified": 1744820898,
        "narHash": "sha256-gUldr3LtCm/OfEnbH6sFFlyyxqPMCsfMs2Ha+0fdPDs=",
        "owner": "nix-community",
        "repo": "home-manager",
        "rev": "7ede02c32a729db0d6340bdb41d10e73ec511ca0",
        "type": "github"
      },
      "original": {
        "owner": "nix-community",
        "repo": "home-manager",
        "rev": "7ede02c32a729db0d6340bdb41d10e73ec511ca0",
        "type": "github"
      }
    },
    "neovim-flake": {
      "inputs": {
        "flake-utils": "flake-utils",
        "nix-treesitter": [
          "nix-treesitter"
        ],
        "nixpkgs": [
          "nixpkgs"
        ]
      },
      "locked": {
        "lastModified": 1746712881,
        "narHash": "sha256-n9Tcz5OutSggFP8VlyE++DbppJJX87zgpTfiiYAA6I4=",
        "owner": "yelircaasi",
        "repo": "neovim-flake",
        "rev": "df2dc1cc7b1e04a6ec40d9db03fe3ab8745c2fc5",
        "type": "github"
      },
      "original": {
        "owner": "yelircaasi",
        "repo": "neovim-flake",
        "rev": "df2dc1cc7b1e04a6ec40d9db03fe3ab8745c2fc5",
        "type": "github"
      }
    },
    "nix-treesitter": {
      "inputs": {
        "conflake": "conflake",
        "nixpkgs": [
          "nixpkgs"
        ]
      },
      "locked": {
        "lastModified": 1739028560,
        "narHash": "sha256-7joUNhdZfSkuGL65Lbsmuf/NviUjuGtAhbfdPYuFGjk=",
        "owner": "ratson",
        "repo": "nix-treesitter",
        "rev": "d9d35e37a5b2aee2f3f4d14c66e2bf0604dae4ce",
        "type": "github"
      },
      "original": {
        "owner": "ratson",
        "repo": "nix-treesitter",
        "rev": "d9d35e37a5b2aee2f3f4d14c66e2bf0604dae4ce",
        "type": "github"
      }
    },
    "nixgl": {
      "inputs": {
        "flake-utils": "flake-utils_2",
        "nixpkgs": [
          "nixpkgs"
        ]
      },
      "locked": {
        "lastModified": 1713543440,
        "narHash": "sha256-lnzZQYG0+EXl/6NkGpyIz+FEOc/DSEG57AP1VsdeNrM=",
        "owner": "nix-community",
        "repo": "nixGL",
        "rev": "310f8e49a149e4c9ea52f1adf70cdc768ec53f8a",
        "type": "github"
      },
      "original": {
        "owner": "nix-community",
        "repo": "nixGL",
        "rev": "310f8e49a149e4c9ea52f1adf70cdc768ec53f8a",
        "type": "github"
      }
    },
    "nixpkgs": {
      "locked": {
        "lastModified": 1746708920,
        "narHash": "sha256-0yDuN+BRKWBweh3Y3wYM7MGNXFDSNvDnKwPbrdM6kwY=",
        "owner": "nixos",
        "repo": "nixpkgs",
        "rev": "908514a0885f889432825e9ac71842ca444e8bd5",
        "type": "github"
      },
      "original": {
        "owner": "nixos",
        "repo": "nixpkgs",
        "rev": "908514a0885f889432825e9ac71842ca444e8bd5",
        "type": "github"
      }
    },
    "root": {
      "inputs": {
        "firefox-addons": "firefox-addons",
        "home-manager": "home-manager",
        "neovim-flake": "neovim-flake",
        "nix-treesitter": "nix-treesitter",
        "nixgl": "nixgl",
        "nixpkgs": "nixpkgs",
        "sops-nix": "sops-nix"
      }
    },
    "sops-nix": {
      "inputs": {
        "nixpkgs": [
          "nixpkgs"
        ]
      },
      "locked": {
        "lastModified": 1744669848,
        "narHash": "sha256-pXyanHLUzLNd3MX9vsWG+6Z2hTU8niyphWstYEP3/GU=",
        "owner": "Mic92",
        "repo": "sops-nix",
        "rev": "61154300d945f0b147b30d24ddcafa159148026a",
        "type": "github"
      },
      "original": {
        "owner": "Mic92",
        "repo": "sops-nix",
        "rev": "61154300d945f0b147b30d24ddcafa159148026a",
        "type": "github"
      }
    },
    "systems": {
      "locked": {
        "lastModified": 1681028828,
        "narHash": "sha256-Vy1rq5AaRuLzOxct8nz4T6wlgyUR7zLU309k9mBC768=",
        "owner": "nix-systems",
        "repo": "default",
        "rev": "da67096a3b9bf56a91d16901293e51ba5b49a27e",
        "type": "github"
      },
      "original": {
        "owner": "nix-systems",
        "repo": "default",
        "type": "github"
      }
    }
  },
  "root": "root",
  "version": 7
}
